// !$*UTF8*$!
{
	archiveVersion = 1;
	classes = {
	};
	objectVersion = 56;
	objects = {

/* Begin PBXBuildFile section */
		D8884F672998E6AF00AB38DC /* OMMovieApp.swift in Sources */ = {isa = PBXBuildFile; fileRef = D8884F662998E6AF00AB38DC /* OMMovieApp.swift */; };
		D8884F692998E6AF00AB38DC /* ContentView.swift in Sources */ = {isa = PBXBuildFile; fileRef = D8884F682998E6AF00AB38DC /* ContentView.swift */; };
		D8884F6B2998E6B000AB38DC /* Assets.xcassets in Resources */ = {isa = PBXBuildFile; fileRef = D8884F6A2998E6B000AB38DC /* Assets.xcassets */; };
		D8884F6E2998E6B000AB38DC /* Preview Assets.xcassets in Resources */ = {isa = PBXBuildFile; fileRef = D8884F6D2998E6B000AB38DC /* Preview Assets.xcassets */; };
		D8884F772998EBCF00AB38DC /* Networking.swift in Sources */ = {isa = PBXBuildFile; fileRef = D8884F762998EBCF00AB38DC /* Networking.swift */; };
		D8884F7A2999299B00AB38DC /* Movie.swift in Sources */ = {isa = PBXBuildFile; fileRef = D8884F792999299B00AB38DC /* Movie.swift */; };
		D8884F7F29992D0500AB38DC /* MovieListViewModel.swift in Sources */ = {isa = PBXBuildFile; fileRef = D8884F7E29992D0500AB38DC /* MovieListViewModel.swift */; };
		D8884F8129992D1200AB38DC /* MovieListView.swift in Sources */ = {isa = PBXBuildFile; fileRef = D8884F8029992D1200AB38DC /* MovieListView.swift */; };
		D8884F832999303100AB38DC /* MovieItemView.swift in Sources */ = {isa = PBXBuildFile; fileRef = D8884F822999303100AB38DC /* MovieItemView.swift */; };
		D8884F8B2999339F00AB38DC /* MovieType.swift in Sources */ = {isa = PBXBuildFile; fileRef = D8884F8A2999339F00AB38DC /* MovieType.swift */; };
/* End PBXBuildFile section */

/* Begin PBXFileReference section */
		D8884F632998E6AF00AB38DC /* OMMovie.app */ = {isa = PBXFileReference; explicitFileType = wrapper.application; includeInIndex = 0; path = OMMovie.app; sourceTree = BUILT_PRODUCTS_DIR; };
		D8884F662998E6AF00AB38DC /* OMMovieApp.swift */ = {isa = PBXFileReference; lastKnownFileType = sourcecode.swift; path = OMMovieApp.swift; sourceTree = "<group>"; };
		D8884F682998E6AF00AB38DC /* ContentView.swift */ = {isa = PBXFileReference; lastKnownFileType = sourcecode.swift; path = ContentView.swift; sourceTree = "<group>"; };
		D8884F6A2998E6B000AB38DC /* Assets.xcassets */ = {isa = PBXFileReference; lastKnownFileType = folder.assetcatalog; path = Assets.xcassets; sourceTree = "<group>"; };
		D8884F6D2998E6B000AB38DC /* Preview Assets.xcassets */ = {isa = PBXFileReference; lastKnownFileType = folder.assetcatalog; path = "Preview Assets.xcassets"; sourceTree = "<group>"; };
		D8884F762998EBCF00AB38DC /* Networking.swift */ = {isa = PBXFileReference; lastKnownFileType = sourcecode.swift; path = Networking.swift; sourceTree = "<group>"; };
		D8884F792999299B00AB38DC /* Movie.swift */ = {isa = PBXFileReference; lastKnownFileType = sourcecode.swift; path = Movie.swift; sourceTree = "<group>"; };
		D8884F7E29992D0500AB38DC /* MovieListViewModel.swift */ = {isa = PBXFileReference; lastKnownFileType = sourcecode.swift; path = MovieListViewModel.swift; sourceTree = "<group>"; };
		D8884F8029992D1200AB38DC /* MovieListView.swift */ = {isa = PBXFileReference; lastKnownFileType = sourcecode.swift; path = MovieListView.swift; sourceTree = "<group>"; };
		D8884F822999303100AB38DC /* MovieItemView.swift */ = {isa = PBXFileReference; lastKnownFileType = sourcecode.swift; path = MovieItemView.swift; sourceTree = "<group>"; };
		D8884F8A2999339F00AB38DC /* MovieType.swift */ = {isa = PBXFileReference; lastKnownFileType = sourcecode.swift; path = MovieType.swift; sourceTree = "<group>"; };
		D8884F8F29995B5A00AB38DC /* Info.plist */ = {isa = PBXFileReference; lastKnownFileType = text.plist; path = Info.plist; sourceTree = "<group>"; };
/* End PBXFileReference section */

/* Begin PBXFrameworksBuildPhase section */
		D8884F602998E6AF00AB38DC /* Frameworks */ = {
			isa = PBXFrameworksBuildPhase;
			buildActionMask = 2147483647;
			files = (
			);
			runOnlyForDeploymentPostprocessing = 0;
		};
/* End PBXFrameworksBuildPhase section */

/* Begin PBXGroup section */
		D8884F5A2998E6AF00AB38DC = {
			isa = PBXGroup;
			children = (
				D8884F652998E6AF00AB38DC /* OMMovie */,
				D8884F642998E6AF00AB38DC /* Products */,
			);
			sourceTree = "<group>";
		};
		D8884F642998E6AF00AB38DC /* Products */ = {
			isa = PBXGroup;
			children = (
				D8884F632998E6AF00AB38DC /* OMMovie.app */,
			);
			name = Products;
			sourceTree = "<group>";
		};
		D8884F652998E6AF00AB38DC /* OMMovie */ = {
			isa = PBXGroup;
			children = (
				D8884F8F29995B5A00AB38DC /* Info.plist */,
				D8884F782998EC7C00AB38DC /* Models */,
				D8884F7B29992C9700AB38DC /* Features */,
				D8884F662998E6AF00AB38DC /* OMMovieApp.swift */,
				D8884F682998E6AF00AB38DC /* ContentView.swift */,
				D8884F6A2998E6B000AB38DC /* Assets.xcassets */,
				D8884F6C2998E6B000AB38DC /* Preview Content */,
			);
			path = OMMovie;
			sourceTree = "<group>";
		};
		D8884F6C2998E6B000AB38DC /* Preview Content */ = {
			isa = PBXGroup;
			children = (
				D8884F6D2998E6B000AB38DC /* Preview Assets.xcassets */,
			);
			path = "Preview Content";
			sourceTree = "<group>";
		};
		D8884F782998EC7C00AB38DC /* Models */ = {
			isa = PBXGroup;
			children = (
				D8884F762998EBCF00AB38DC /* Networking.swift */,
				D8884F792999299B00AB38DC /* Movie.swift */,
			);
			path = Models;
			sourceTree = "<group>";
		};
		D8884F7B29992C9700AB38DC /* Features */ = {
			isa = PBXGroup;
			children = (
				D8884F7D29992CD900AB38DC /* MovieList */,
			);
			path = Features;
			sourceTree = "<group>";
		};
		D8884F7D29992CD900AB38DC /* MovieList */ = {
			isa = PBXGroup;
			children = (
				D8884F892999338B00AB38DC /* MovieItem */,
				D8884F7E29992D0500AB38DC /* MovieListViewModel.swift */,
				D8884F8029992D1200AB38DC /* MovieListView.swift */,
			);
			path = MovieList;
			sourceTree = "<group>";
		};
		D8884F892999338B00AB38DC /* MovieItem */ = {
			isa = PBXGroup;
			children = (
				D8884F822999303100AB38DC /* MovieItemView.swift */,
				D8884F8A2999339F00AB38DC /* MovieType.swift */,
			);
			path = MovieItem;
			sourceTree = "<group>";
		};
/* End PBXGroup section */

/* Begin PBXNativeTarget section */
		D8884F622998E6AF00AB38DC /* OMMovie */ = {
			isa = PBXNativeTarget;
			buildConfigurationList = D8884F712998E6B000AB38DC /* Build configuration list for PBXNativeTarget "OMMovie" */;
			buildPhases = (
				D8884F5F2998E6AF00AB38DC /* Sources */,
				D8884F602998E6AF00AB38DC /* Frameworks */,
				D8884F612998E6AF00AB38DC /* Resources */,
			);
			buildRules = (
			);
			dependencies = (
			);
			name = OMMovie;
			packageProductDependencies = (
			);
			productName = OMMovie;
			productReference = D8884F632998E6AF00AB38DC /* OMMovie.app */;
			productType = "com.apple.product-type.application";
		};
/* End PBXNativeTarget section */

/* Begin PBXProject section */
		D8884F5B2998E6AF00AB38DC /* Project object */ = {
			isa = PBXProject;
			attributes = {
				BuildIndependentTargetsInParallel = 1;
				LastSwiftUpdateCheck = 1400;
				LastUpgradeCheck = 1400;
				TargetAttributes = {
					D8884F622998E6AF00AB38DC = {
						CreatedOnToolsVersion = 14.0.1;
					};
				};
			};
			buildConfigurationList = D8884F5E2998E6AF00AB38DC /* Build configuration list for PBXProject "OMMovie" */;
			compatibilityVersion = "Xcode 14.0";
			developmentRegion = en;
			hasScannedForEncodings = 0;
			knownRegions = (
				en,
				Base,
			);
			mainGroup = D8884F5A2998E6AF00AB38DC;
			packageReferences = (
			);
			productRefGroup = D8884F642998E6AF00AB38DC /* Products */;
			projectDirPath = "";
			projectRoot = "";
			targets = (
				D8884F622998E6AF00AB38DC /* OMMovie */,
			);
		};
/* End PBXProject section */

/* Begin PBXResourcesBuildPhase section */
		D8884F612998E6AF00AB38DC /* Resources */ = {
			isa = PBXResourcesBuildPhase;
			buildActionMask = 2147483647;
			files = (
				D8884F6E2998E6B000AB38DC /* Preview Assets.xcassets in Resources */,
				D8884F6B2998E6B000AB38DC /* Assets.xcassets in Resources */,
			);
			runOnlyForDeploymentPostprocessing = 0;
		};
/* End PBXResourcesBuildPhase section */

/* Begin PBXSourcesBuildPhase section */
		D8884F5F2998E6AF00AB38DC /* Sources */ = {
			isa = PBXSourcesBuildPhase;
			buildActionMask = 2147483647;
			files = (
				D8884F692998E6AF00AB38DC /* ContentView.swift in Sources */,
				D8884F8B2999339F00AB38DC /* MovieType.swift in Sources */,
				D8884F832999303100AB38DC /* MovieItemView.swift in Sources */,
				D8884F672998E6AF00AB38DC /* OMMovieApp.swift in Sources */,
				D8884F7A2999299B00AB38DC /* Movie.swift in Sources */,
				D8884F772998EBCF00AB38DC /* Networking.swift in Sources */,
				D8884F7F29992D0500AB38DC /* MovieListViewModel.swift in Sources */,
				D8884F8129992D1200AB38DC /* MovieListView.swift in Sources */,
			);
			runOnlyForDeploymentPostprocessing = 0;
		};
/* End PBXSourcesBuildPhase section */

/* Begin XCBuildConfiguration section */
		D8884F6F2998E6B000AB38DC /* Debug */ = {
			isa = XCBuildConfiguration;
			buildSettings = {
				ALWAYS_SEARCH_USER_PATHS = NO;
				CLANG_ANALYZER_NONNULL = YES;
				CLANG_ANALYZER_NUMBER_OBJECT_CONVERSION = YES_AGGRESSIVE;
				CLANG_CXX_LANGUAGE_STANDARD = "gnu++20";
				CLANG_ENABLE_MODULES = YES;
				CLANG_ENABLE_OBJC_ARC = YES;
				CLANG_ENABLE_OBJC_WEAK = YES;
				CLANG_WARN_BLOCK_CAPTURE_AUTORELEASING = YES;
				CLANG_WARN_BOOL_CONVERSION = YES;
				CLANG_WARN_COMMA = YES;
				CLANG_WARN_CONSTANT_CONVERSION = YES;
				CLANG_WARN_DEPRECATED_OBJC_IMPLEMENTATIONS = YES;
				CLANG_WARN_DIRECT_OBJC_ISA_USAGE = YES_ERROR;
				CLANG_WARN_DOCUMENTATION_COMMENTS = YES;
				CLANG_WARN_EMPTY_BODY = YES;
				CLANG_WARN_ENUM_CONVERSION = YES;
				CLANG_WARN_INFINITE_RECURSION = YES;
				CLANG_WARN_INT_CONVERSION = YES;
				CLANG_WARN_NON_LITERAL_NULL_CONVERSION = YES;
				CLANG_WARN_OBJC_IMPLICIT_RETAIN_SELF = YES;
				CLANG_WARN_OBJC_LITERAL_CONVERSION = YES;
				CLANG_WARN_OBJC_ROOT_CLASS = YES_ERROR;
				CLANG_WARN_QUOTED_INCLUDE_IN_FRAMEWORK_HEADER = YES;
				CLANG_WARN_RANGE_LOOP_ANALYSIS = YES;
				CLANG_WARN_STRICT_PROTOTYPES = YES;
				CLANG_WARN_SUSPICIOUS_MOVE = YES;
				CLANG_WARN_UNGUARDED_AVAILABILITY = YES_AGGRESSIVE;
				CLANG_WARN_UNREACHABLE_CODE = YES;
				CLANG_WARN__DUPLICATE_METHOD_MATCH = YES;
				COPY_PHASE_STRIP = NO;
				DEBUG_INFORMATION_FORMAT = dwarf;
				ENABLE_STRICT_OBJC_MSGSEND = YES;
				ENABLE_TESTABILITY = YES;
				GCC_C_LANGUAGE_STANDARD = gnu11;
				GCC_DYNAMIC_NO_PIC = NO;
				GCC_NO_COMMON_BLOCKS = YES;
				GCC_OPTIMIZATION_LEVEL = 0;
				GCC_PREPROCESSOR_DEFINITIONS = (
					"DEBUG=1",
					"$(inherited)",
				);
				GCC_WARN_64_TO_32_BIT_CONVERSION = YES;
				GCC_WARN_ABOUT_RETURN_TYPE = YES_ERROR;
				GCC_WARN_UNDECLARED_SELECTOR = YES;
				GCC_WARN_UNINITIALIZED_AUTOS = YES_AGGRESSIVE;
				GCC_WARN_UNUSED_FUNCTION = YES;
				GCC_WARN_UNUSED_VARIABLE = YES;
				IPHONEOS_DEPLOYMENT_TARGET = 16.0;
				MTL_ENABLE_DEBUG_INFO = INCLUDE_SOURCE;
				MTL_FAST_MATH = YES;
				ONLY_ACTIVE_ARCH = YES;
				SDKROOT = iphoneos;
				SWIFT_ACTIVE_COMPILATION_CONDITIONS = DEBUG;
				SWIFT_OPTIMIZATION_LEVEL = "-Onone";
			};
			name = Debug;
		};
		D8884F702998E6B000AB38DC /* Release */ = {
			isa = XCBuildConfiguration;
			buildSettings = {
				ALWAYS_SEARCH_USER_PATHS = NO;
				CLANG_ANALYZER_NONNULL = YES;
				CLANG_ANALYZER_NUMBER_OBJECT_CONVERSION = YES_AGGRESSIVE;
				CLANG_CXX_LANGUAGE_STANDARD = "gnu++20";
				CLANG_ENABLE_MODULES = YES;
				CLANG_ENABLE_OBJC_ARC = YES;
				CLANG_ENABLE_OBJC_WEAK = YES;
				CLANG_WARN_BLOCK_CAPTURE_AUTORELEASING = YES;
				CLANG_WARN_BOOL_CONVERSION = YES;
				CLANG_WARN_COMMA = YES;
				CLANG_WARN_CONSTANT_CONVERSION = YES;
				CLANG_WARN_DEPRECATED_OBJC_IMPLEMENTATIONS = YES;
				CLANG_WARN_DIRECT_OBJC_ISA_USAGE = YES_ERROR;
				CLANG_WARN_DOCUMENTATION_COMMENTS = YES;
				CLANG_WARN_EMPTY_BODY = YES;
				CLANG_WARN_ENUM_CONVERSION = YES;
				CLANG_WARN_INFINITE_RECURSION = YES;
				CLANG_WARN_INT_CONVERSION = YES;
				CLANG_WARN_NON_LITERAL_NULL_CONVERSION = YES;
				CLANG_WARN_OBJC_IMPLICIT_RETAIN_SELF = YES;
				CLANG_WARN_OBJC_LITERAL_CONVERSION = YES;
				CLANG_WARN_OBJC_ROOT_CLASS = YES_ERROR;
				CLANG_WARN_QUOTED_INCLUDE_IN_FRAMEWORK_HEADER = YES;
				CLANG_WARN_RANGE_LOOP_ANALYSIS = YES;
				CLANG_WARN_STRICT_PROTOTYPES = YES;
				CLANG_WARN_SUSPICIOUS_MOVE = YES;
				CLANG_WARN_UNGUARDED_AVAILABILITY = YES_AGGRESSIVE;
				CLANG_WARN_UNREACHABLE_CODE = YES;
				CLANG_WARN__DUPLICATE_METHOD_MATCH = YES;
				COPY_PHASE_STRIP = NO;
				DEBUG_INFORMATION_FORMAT = "dwarf-with-dsym";
				ENABLE_NS_ASSERTIONS = NO;
				ENABLE_STRICT_OBJC_MSGSEND = YES;
				GCC_C_LANGUAGE_STANDARD = gnu11;
				GCC_NO_COMMON_BLOCKS = YES;
				GCC_WARN_64_TO_32_BIT_CONVERSION = YES;
				GCC_WARN_ABOUT_RETURN_TYPE = YES_ERROR;
				GCC_WARN_UNDECLARED_SELECTOR = YES;
				GCC_WARN_UNINITIALIZED_AUTOS = YES_AGGRESSIVE;
				GCC_WARN_UNUSED_FUNCTION = YES;
				GCC_WARN_UNUSED_VARIABLE = YES;
				IPHONEOS_DEPLOYMENT_TARGET = 16.0;
				MTL_ENABLE_DEBUG_INFO = NO;
				MTL_FAST_MATH = YES;
				SDKROOT = iphoneos;
				SWIFT_COMPILATION_MODE = wholemodule;
				SWIFT_OPTIMIZATION_LEVEL = "-O";
				VALIDATE_PRODUCT = YES;
			};
			name = Release;
		};
		D8884F722998E6B000AB38DC /* Debug */ = {
			isa = XCBuildConfiguration;
			buildSettings = {
				ASSETCATALOG_COMPILER_APPICON_NAME = AppIcon;
				ASSETCATALOG_COMPILER_GLOBAL_ACCENT_COLOR_NAME = AccentColor;
				CODE_SIGN_STYLE = Automatic;
				CURRENT_PROJECT_VERSION = 1;
				DEVELOPMENT_ASSET_PATHS = "\"OMMovie/Preview Content\"";
				ENABLE_PREVIEWS = YES;
				GENERATE_INFOPLIST_FILE = YES;
				INFOPLIST_FILE = OMMovie/Info.plist;
				INFOPLIST_KEY_UIApplicationSceneManifest_Generation = YES;
				INFOPLIST_KEY_UIApplicationSupportsIndirectInputEvents = YES;
				INFOPLIST_KEY_UILaunchScreen_Generation = YES;
				INFOPLIST_KEY_UISupportedInterfaceOrientations_iPad = "UIInterfaceOrientationPortrait UIInterfaceOrientationPortraitUpsideDown UIInterfaceOrientationLandscapeLeft UIInterfaceOrientationLandscapeRight";
				INFOPLIST_KEY_UISupportedInterfaceOrientations_iPhone = "UIInterfaceOrientationPortrait UIInterfaceOrientationLandscapeLeft UIInterfaceOrientationLandscapeRight";
				LD_RUNPATH_SEARCH_PATHS = (
					"$(inherited)",
					"@executable_path/Frameworks",
				);
				MARKETING_VERSION = 1.0;
				PRODUCT_BUNDLE_IDENTIFIER = me.loopi.OMMovie;
				PRODUCT_NAME = "$(TARGET_NAME)";
				SWIFT_EMIT_LOC_STRINGS = YES;
				SWIFT_VERSION = 5.0;
				TARGETED_DEVICE_FAMILY = "1,2";
			};
			name = Debug;
		};
		D8884F732998E6B000AB38DC /* Release */ = {
			isa = XCBuildConfiguration;
			buildSettings = {
				ASSETCATALOG_COMPILER_APPICON_NAME = AppIcon;
				ASSETCATALOG_COMPILER_GLOBAL_ACCENT_COLOR_NAME = AccentColor;
				CODE_SIGN_STYLE = Automatic;
				CURRENT_PROJECT_VERSION = 1;
				DEVELOPMENT_ASSET_PATHS = "\"OMMovie/Preview Content\"";
				ENABLE_PREVIEWS = YES;
				GENERATE_INFOPLIST_FILE = YES;
				INFOPLIST_FILE = OMMovie/Info.plist;
				INFOPLIST_KEY_UIApplicationSceneManifest_Generation = YES;
				INFOPLIST_KEY_UIApplicationSupportsIndirectInputEvents = YES;
				INFOPLIST_KEY_UILaunchScreen_Generation = YES;
				INFOPLIST_KEY_UISupportedInterfaceOrientations_iPad = "UIInterfaceOrientationPortrait UIInterfaceOrientationPortraitUpsideDown UIInterfaceOrientationLandscapeLeft UIInterfaceOrientationLandscapeRight";
				INFOPLIST_KEY_UISupportedInterfaceOrientations_iPhone = "UIInterfaceOrientationPortrait UIInterfaceOrientationLandscapeLeft UIInterfaceOrientationLandscapeRight";
				LD_RUNPATH_SEARCH_PATHS = (
					"$(inherited)",
					"@executable_path/Frameworks",
				);
				MARKETING_VERSION = 1.0;
				PRODUCT_BUNDLE_IDENTIFIER = me.loopi.OMMovie;
				PRODUCT_NAME = "$(TARGET_NAME)";
				SWIFT_EMIT_LOC_STRINGS = YES;
				SWIFT_VERSION = 5.0;
				TARGETED_DEVICE_FAMILY = "1,2";
			};
			name = Release;
		};
/* End XCBuildConfiguration section */

/* Begin XCConfigurationList section */
		D8884F5E2998E6AF00AB38DC /* Build configuration list for PBXProject "OMMovie" */ = {
			isa = XCConfigurationList;
			buildConfigurations = (
				D8884F6F2998E6B000AB38DC /* Debug */,
				D8884F702998E6B000AB38DC /* Release */,
			);
			defaultConfigurationIsVisible = 0;
			defaultConfigurationName = Release;
		};
		D8884F712998E6B000AB38DC /* Build configuration list for PBXNativeTarget "OMMovie" */ = {
			isa = XCConfigurationList;
			buildConfigurations = (
				D8884F722998E6B000AB38DC /* Debug */,
				D8884F732998E6B000AB38DC /* Release */,
			);
			defaultConfigurationIsVisible = 0;
			defaultConfigurationName = Release;
		};
/* End XCConfigurationList section */
	};
	rootObject = D8884F5B2998E6AF00AB38DC /* Project object */;
}
